{
  "requires": true,
  "lockfileVersion": 1,
  "dependencies": {
    "number-format.js": {
      "version": "2.0.9",
      "resolved": "https://registry.npmjs.org/number-format.js/-/number-format.js-2.0.9.tgz",
      "integrity": "sha512-VMDspFTTDRgWopKSYsIUGZKcjuL39zQw3cDG20fKxVroqSRI6OofHlWCRwUimNvOpDuLIL92L1K8NVHCRAbF1A=="
    }
  }
}
